
Microsoft Visual Studio Solution File, Format Version 12.00
# Visual Studio Version 17
VisualStudioVersion = 17.8.34408.163
MinimumVisualStudioVersion = 10.0.40219.1
Project("{FAE04EC0-301F-11D3-BF4B-00C04F79EFBC}") = "Recursividade", "Recursividade\Recursividade.csproj", "{B880C078-42A0-42C9-8AA1-5AB2A166D242}"
EndProject
Project("{FAE04EC0-301F-11D3-BF4B-00C04F79EFBC}") = "Fatorial", "Fatorial\Fatorial.csproj", "{7EAAFD79-D994-4D9D-803B-BA12B27C379B}"
EndProject
Global
	GlobalSection(SolutionConfigurationPlatforms) = preSolution
		Debug|Any CPU = Debug|Any CPU
		Release|Any CPU = Release|Any CPU
	EndGlobalSection
	GlobalSection(ProjectConfigurationPlatforms) = postSolution
		{B880C078-42A0-42C9-8AA1-5AB2A166D242}.Debug|Any CPU.ActiveCfg = Debug|Any CPU
		{B880C078-42A0-42C9-8AA1-5AB2A166D242}.Debug|Any CPU.Build.0 = Debug|Any CPU
		{B880C078-42A0-42C9-8AA1-5AB2A166D242}.Release|Any CPU.ActiveCfg = Release|Any CPU
		{B880C078-42A0-42C9-8AA1-5AB2A166D242}.Release|Any CPU.Build.0 = Release|Any CPU
		{7EAAFD79-D994-4D9D-803B-BA12B27C379B}.Debug|Any CPU.ActiveCfg = Debug|Any CPU
		{7EAAFD79-D994-4D9D-803B-BA12B27C379B}.Debug|Any CPU.Build.0 = Debug|Any CPU
		{7EAAFD79-D994-4D9D-803B-BA12B27C379B}.Release|Any CPU.ActiveCfg = Release|Any CPU
		{7EAAFD79-D994-4D9D-803B-BA12B27C379B}.Release|Any CPU.Build.0 = Release|Any CPU
	EndGlobalSection
	GlobalSection(SolutionProperties) = preSolution
		HideSolutionNode = FALSE
	EndGlobalSection
	GlobalSection(ExtensibilityGlobals) = postSolution
		SolutionGuid = {A9A9EE85-82DF-490A-8DBC-6D768AE40978}
	EndGlobalSection
EndGlobal
