
Microsoft Visual Studio Solution File, Format Version 12.00
# Visual Studio Version 17
VisualStudioVersion = 17.8.34408.163
MinimumVisualStudioVersion = 10.0.40219.1
Project("{FAE04EC0-301F-11D3-BF4B-00C04F79EFBC}") = "Parte001", "Parte001\Parte001.csproj", "{0381787F-CACC-4F09-BA99-DCB3DBD58808}"
EndProject
Project("{FAE04EC0-301F-11D3-BF4B-00C04F79EFBC}") = "Parte002", "Parte002\Parte002.csproj", "{BB31C74E-9343-4B8E-A67C-D60644AEA86A}"
EndProject
Project("{FAE04EC0-301F-11D3-BF4B-00C04F79EFBC}") = "Parte003", "Parte003\Parte003.csproj", "{A2027016-1628-4633-B643-5AD7778D6EB4}"
EndProject
Project("{FAE04EC0-301F-11D3-BF4B-00C04F79EFBC}") = "Parte004", "Parte004\Parte004.csproj", "{EC76802C-0B4A-4707-9858-BC534FC7353C}"
EndProject
Project("{FAE04EC0-301F-11D3-BF4B-00C04F79EFBC}") = "Parte005", "Parte005\Parte005.csproj", "{F86A1CC9-6E76-4BC7-80C7-B3804ED7E329}"
EndProject
Project("{FAE04EC0-301F-11D3-BF4B-00C04F79EFBC}") = "Parte006", "Parte006\Parte006.csproj", "{87785CC6-2683-45D3-A8A7-ADFF89241EA4}"
EndProject
Project("{FAE04EC0-301F-11D3-BF4B-00C04F79EFBC}") = "Parte007", "Parte007\Parte007.csproj", "{BC33869E-5D66-406C-B8C3-1B51662B5774}"
EndProject
Project("{FAE04EC0-301F-11D3-BF4B-00C04F79EFBC}") = "Parte008", "Parte008\Parte008.csproj", "{4D9DE4EB-33AC-47D3-9FF3-47075D0977F4}"
EndProject
Project("{FAE04EC0-301F-11D3-BF4B-00C04F79EFBC}") = "Parte009", "Parte009\Parte009.csproj", "{93A58F8D-36D2-440F-82AF-6B43FBFE01EF}"
EndProject
Project("{FAE04EC0-301F-11D3-BF4B-00C04F79EFBC}") = "Parte010", "Parte010\Parte010.csproj", "{F9B4D4EB-E911-474A-B36D-199D9D9B8213}"
EndProject
Project("{FAE04EC0-301F-11D3-BF4B-00C04F79EFBC}") = "Parte011", "Parte011\Parte011.csproj", "{8CD06BDF-09E8-4FCF-AA05-8B5816A562F4}"
EndProject
Project("{FAE04EC0-301F-11D3-BF4B-00C04F79EFBC}") = "Parte013", "Parte013\Parte013.csproj", "{86C18167-2529-4131-B66F-D27A02A7C412}"
EndProject
Project("{FAE04EC0-301F-11D3-BF4B-00C04F79EFBC}") = "Parte014", "Parte014\Parte014.csproj", "{AC34B8FE-3581-4690-B2B4-22EE846F51D8}"
EndProject
Project("{FAE04EC0-301F-11D3-BF4B-00C04F79EFBC}") = "Parte015", "Parte015\Parte015.csproj", "{7E01C4D0-041C-431B-BBE5-9AB11AF5737F}"
EndProject
Project("{FAE04EC0-301F-11D3-BF4B-00C04F79EFBC}") = "Parte016", "Parte016\Parte016.csproj", "{2D886F98-D37D-463C-B227-948309EFDC89}"
EndProject
Project("{FAE04EC0-301F-11D3-BF4B-00C04F79EFBC}") = "Parte017", "Parte017\Parte017.csproj", "{B511B61F-CD99-4F42-89F6-11659CD45C68}"
EndProject
Project("{FAE04EC0-301F-11D3-BF4B-00C04F79EFBC}") = "ToolTrip", "ToolTrip\ToolTrip.csproj", "{BEBD8559-42D2-4EC2-8946-C76695F765BA}"
EndProject
Project("{FAE04EC0-301F-11D3-BF4B-00C04F79EFBC}") = "Parte019", "Parte019\Parte019.csproj", "{5E30C7E5-8EBD-4FED-9A5B-4493A935A12E}"
EndProject
Project("{FAE04EC0-301F-11D3-BF4B-00C04F79EFBC}") = "Parte020", "Parte020\Parte020.csproj", "{804EB3E1-810C-4676-87A2-F024418DBF90}"
EndProject
Project("{FAE04EC0-301F-11D3-BF4B-00C04F79EFBC}") = "Parte021", "Parte021\Parte021.csproj", "{8B1883FC-F9C2-4C5F-B2F1-384ED1036392}"
EndProject
Project("{FAE04EC0-301F-11D3-BF4B-00C04F79EFBC}") = "Parte022", "Parte022\Parte022.csproj", "{22C32C0D-5356-45CD-856A-602DCD75BB3B}"
EndProject
Project("{FAE04EC0-301F-11D3-BF4B-00C04F79EFBC}") = "Parte023", "Parte023\Parte023.csproj", "{64500503-ABF9-409F-B809-070A15D06857}"
EndProject
Project("{FAE04EC0-301F-11D3-BF4B-00C04F79EFBC}") = "Parte024", "Parte024\Parte024.csproj", "{7CC7877B-BDA9-464A-A0DC-94407A965675}"
EndProject
Project("{FAE04EC0-301F-11D3-BF4B-00C04F79EFBC}") = "Parte025", "Parte025\Parte025.csproj", "{8DB7D8E0-FB95-4CD8-B9C6-F910429B7901}"
EndProject
Project("{FAE04EC0-301F-11D3-BF4B-00C04F79EFBC}") = "parte026", "parte026\parte026.csproj", "{74322F7D-7419-4164-98AA-48415C7D9C90}"
EndProject
Project("{FAE04EC0-301F-11D3-BF4B-00C04F79EFBC}") = "Parte027", "Parte027\Parte027.csproj", "{3CDCAFFE-A3CB-408B-9596-09534AD5E351}"
EndProject
Project("{FAE04EC0-301F-11D3-BF4B-00C04F79EFBC}") = "Parte028", "Parte028\Parte028.csproj", "{9481DAFB-58AD-472A-BEDE-B1336A44BBB2}"
EndProject
Project("{FAE04EC0-301F-11D3-BF4B-00C04F79EFBC}") = "Parte29", "Parte29\Parte29.csproj", "{78321D7B-9504-43EB-AC0D-3A8406ACB37B}"
EndProject
Project("{FAE04EC0-301F-11D3-BF4B-00C04F79EFBC}") = "Parte30", "Parte30\Parte30.csproj", "{E0411119-E4EA-446B-9111-58F426ED8C93}"
EndProject
Project("{FAE04EC0-301F-11D3-BF4B-00C04F79EFBC}") = "Projeto31", "Projeto31\Projeto31.csproj", "{757C5AF0-4225-420F-ADC3-113396A5DE9B}"
EndProject
Project("{FAE04EC0-301F-11D3-BF4B-00C04F79EFBC}") = "Parte032", "Parte032\Parte032.csproj", "{FA916812-1218-40C8-9275-A0D5360965F8}"
EndProject
Project("{FAE04EC0-301F-11D3-BF4B-00C04F79EFBC}") = "Parte32", "Parte32\Parte32.csproj", "{3AEF03A4-F75D-4E76-A995-70781BA19448}"
EndProject
Project("{FAE04EC0-301F-11D3-BF4B-00C04F79EFBC}") = "Parte34", "Parte34\Parte34.csproj", "{5C583395-E427-43FA-9D27-87D02FFFE7E1}"
EndProject
Project("{FAE04EC0-301F-11D3-BF4B-00C04F79EFBC}") = "Parte035", "Parte0356\Parte035.csproj", "{4B8AE642-FEB9-4399-8C20-0E62EAC2ADCE}"
EndProject
Project("{FAE04EC0-301F-11D3-BF4B-00C04F79EFBC}") = "Parte036", "Parte036\Parte036.csproj", "{5FBF61CD-132B-4A93-9496-BE13F60AC3E7}"
EndProject
Project("{FAE04EC0-301F-11D3-BF4B-00C04F79EFBC}") = "Parte037", "Parte037\Parte037.csproj", "{8E1F6BAD-E977-40CF-9800-38E60C928CE8}"
EndProject
Project("{FAE04EC0-301F-11D3-BF4B-00C04F79EFBC}") = "Parte039", "Parte039\Parte039.csproj", "{511DBCD3-9A4D-4F61-BE8D-7F0599522233}"
EndProject
Project("{FAE04EC0-301F-11D3-BF4B-00C04F79EFBC}") = "Parte040", "Parte040\Parte040.csproj", "{B94EBB00-900D-4128-B4F6-219C42A2CC95}"
EndProject
Project("{FAE04EC0-301F-11D3-BF4B-00C04F79EFBC}") = "Parte038", "Parte038\Parte038.csproj", "{FDB56C68-518F-4F36-8741-D4545A37F246}"
EndProject
Project("{FAE04EC0-301F-11D3-BF4B-00C04F79EFBC}") = "Parte042", "Parte042\Parte042.csproj", "{568AA098-1AA8-462E-8484-745FB2263F81}"
EndProject
Project("{FAE04EC0-301F-11D3-BF4B-00C04F79EFBC}") = "Parte043", "Parte043\Parte043.csproj", "{D02556B2-CD53-450D-A167-E3782FC56789}"
EndProject
Project("{FAE04EC0-301F-11D3-BF4B-00C04F79EFBC}") = "Parte044", "Parte044\Parte044.csproj", "{3A63CFD4-D93A-456D-83E4-2D88BE3895E4}"
EndProject
Global
	GlobalSection(SolutionConfigurationPlatforms) = preSolution
		Debug|Any CPU = Debug|Any CPU
		Release|Any CPU = Release|Any CPU
	EndGlobalSection
	GlobalSection(ProjectConfigurationPlatforms) = postSolution
		{0381787F-CACC-4F09-BA99-DCB3DBD58808}.Debug|Any CPU.ActiveCfg = Debug|Any CPU
		{0381787F-CACC-4F09-BA99-DCB3DBD58808}.Debug|Any CPU.Build.0 = Debug|Any CPU
		{0381787F-CACC-4F09-BA99-DCB3DBD58808}.Release|Any CPU.ActiveCfg = Release|Any CPU
		{0381787F-CACC-4F09-BA99-DCB3DBD58808}.Release|Any CPU.Build.0 = Release|Any CPU
		{BB31C74E-9343-4B8E-A67C-D60644AEA86A}.Debug|Any CPU.ActiveCfg = Debug|Any CPU
		{BB31C74E-9343-4B8E-A67C-D60644AEA86A}.Debug|Any CPU.Build.0 = Debug|Any CPU
		{BB31C74E-9343-4B8E-A67C-D60644AEA86A}.Release|Any CPU.ActiveCfg = Release|Any CPU
		{BB31C74E-9343-4B8E-A67C-D60644AEA86A}.Release|Any CPU.Build.0 = Release|Any CPU
		{A2027016-1628-4633-B643-5AD7778D6EB4}.Debug|Any CPU.ActiveCfg = Debug|Any CPU
		{A2027016-1628-4633-B643-5AD7778D6EB4}.Debug|Any CPU.Build.0 = Debug|Any CPU
		{A2027016-1628-4633-B643-5AD7778D6EB4}.Release|Any CPU.ActiveCfg = Release|Any CPU
		{A2027016-1628-4633-B643-5AD7778D6EB4}.Release|Any CPU.Build.0 = Release|Any CPU
		{EC76802C-0B4A-4707-9858-BC534FC7353C}.Debug|Any CPU.ActiveCfg = Debug|Any CPU
		{EC76802C-0B4A-4707-9858-BC534FC7353C}.Debug|Any CPU.Build.0 = Debug|Any CPU
		{EC76802C-0B4A-4707-9858-BC534FC7353C}.Release|Any CPU.ActiveCfg = Release|Any CPU
		{EC76802C-0B4A-4707-9858-BC534FC7353C}.Release|Any CPU.Build.0 = Release|Any CPU
		{F86A1CC9-6E76-4BC7-80C7-B3804ED7E329}.Debug|Any CPU.ActiveCfg = Debug|Any CPU
		{F86A1CC9-6E76-4BC7-80C7-B3804ED7E329}.Debug|Any CPU.Build.0 = Debug|Any CPU
		{F86A1CC9-6E76-4BC7-80C7-B3804ED7E329}.Release|Any CPU.ActiveCfg = Release|Any CPU
		{F86A1CC9-6E76-4BC7-80C7-B3804ED7E329}.Release|Any CPU.Build.0 = Release|Any CPU
		{87785CC6-2683-45D3-A8A7-ADFF89241EA4}.Debug|Any CPU.ActiveCfg = Debug|Any CPU
		{87785CC6-2683-45D3-A8A7-ADFF89241EA4}.Debug|Any CPU.Build.0 = Debug|Any CPU
		{87785CC6-2683-45D3-A8A7-ADFF89241EA4}.Release|Any CPU.ActiveCfg = Release|Any CPU
		{87785CC6-2683-45D3-A8A7-ADFF89241EA4}.Release|Any CPU.Build.0 = Release|Any CPU
		{BC33869E-5D66-406C-B8C3-1B51662B5774}.Debug|Any CPU.ActiveCfg = Debug|Any CPU
		{BC33869E-5D66-406C-B8C3-1B51662B5774}.Debug|Any CPU.Build.0 = Debug|Any CPU
		{BC33869E-5D66-406C-B8C3-1B51662B5774}.Release|Any CPU.ActiveCfg = Release|Any CPU
		{BC33869E-5D66-406C-B8C3-1B51662B5774}.Release|Any CPU.Build.0 = Release|Any CPU
		{4D9DE4EB-33AC-47D3-9FF3-47075D0977F4}.Debug|Any CPU.ActiveCfg = Debug|Any CPU
		{4D9DE4EB-33AC-47D3-9FF3-47075D0977F4}.Debug|Any CPU.Build.0 = Debug|Any CPU
		{4D9DE4EB-33AC-47D3-9FF3-47075D0977F4}.Release|Any CPU.ActiveCfg = Release|Any CPU
		{4D9DE4EB-33AC-47D3-9FF3-47075D0977F4}.Release|Any CPU.Build.0 = Release|Any CPU
		{93A58F8D-36D2-440F-82AF-6B43FBFE01EF}.Debug|Any CPU.ActiveCfg = Debug|Any CPU
		{93A58F8D-36D2-440F-82AF-6B43FBFE01EF}.Debug|Any CPU.Build.0 = Debug|Any CPU
		{93A58F8D-36D2-440F-82AF-6B43FBFE01EF}.Release|Any CPU.ActiveCfg = Release|Any CPU
		{93A58F8D-36D2-440F-82AF-6B43FBFE01EF}.Release|Any CPU.Build.0 = Release|Any CPU
		{F9B4D4EB-E911-474A-B36D-199D9D9B8213}.Debug|Any CPU.ActiveCfg = Debug|Any CPU
		{F9B4D4EB-E911-474A-B36D-199D9D9B8213}.Debug|Any CPU.Build.0 = Debug|Any CPU
		{F9B4D4EB-E911-474A-B36D-199D9D9B8213}.Release|Any CPU.ActiveCfg = Release|Any CPU
		{F9B4D4EB-E911-474A-B36D-199D9D9B8213}.Release|Any CPU.Build.0 = Release|Any CPU
		{8CD06BDF-09E8-4FCF-AA05-8B5816A562F4}.Debug|Any CPU.ActiveCfg = Debug|Any CPU
		{8CD06BDF-09E8-4FCF-AA05-8B5816A562F4}.Debug|Any CPU.Build.0 = Debug|Any CPU
		{8CD06BDF-09E8-4FCF-AA05-8B5816A562F4}.Release|Any CPU.ActiveCfg = Release|Any CPU
		{8CD06BDF-09E8-4FCF-AA05-8B5816A562F4}.Release|Any CPU.Build.0 = Release|Any CPU
		{86C18167-2529-4131-B66F-D27A02A7C412}.Debug|Any CPU.ActiveCfg = Debug|Any CPU
		{86C18167-2529-4131-B66F-D27A02A7C412}.Debug|Any CPU.Build.0 = Debug|Any CPU
		{86C18167-2529-4131-B66F-D27A02A7C412}.Release|Any CPU.ActiveCfg = Release|Any CPU
		{86C18167-2529-4131-B66F-D27A02A7C412}.Release|Any CPU.Build.0 = Release|Any CPU
		{AC34B8FE-3581-4690-B2B4-22EE846F51D8}.Debug|Any CPU.ActiveCfg = Debug|Any CPU
		{AC34B8FE-3581-4690-B2B4-22EE846F51D8}.Debug|Any CPU.Build.0 = Debug|Any CPU
		{AC34B8FE-3581-4690-B2B4-22EE846F51D8}.Release|Any CPU.ActiveCfg = Release|Any CPU
		{AC34B8FE-3581-4690-B2B4-22EE846F51D8}.Release|Any CPU.Build.0 = Release|Any CPU
		{7E01C4D0-041C-431B-BBE5-9AB11AF5737F}.Debug|Any CPU.ActiveCfg = Debug|Any CPU
		{7E01C4D0-041C-431B-BBE5-9AB11AF5737F}.Debug|Any CPU.Build.0 = Debug|Any CPU
		{7E01C4D0-041C-431B-BBE5-9AB11AF5737F}.Release|Any CPU.ActiveCfg = Release|Any CPU
		{7E01C4D0-041C-431B-BBE5-9AB11AF5737F}.Release|Any CPU.Build.0 = Release|Any CPU
		{2D886F98-D37D-463C-B227-948309EFDC89}.Debug|Any CPU.ActiveCfg = Debug|Any CPU
		{2D886F98-D37D-463C-B227-948309EFDC89}.Debug|Any CPU.Build.0 = Debug|Any CPU
		{2D886F98-D37D-463C-B227-948309EFDC89}.Release|Any CPU.ActiveCfg = Release|Any CPU
		{2D886F98-D37D-463C-B227-948309EFDC89}.Release|Any CPU.Build.0 = Release|Any CPU
		{B511B61F-CD99-4F42-89F6-11659CD45C68}.Debug|Any CPU.ActiveCfg = Debug|Any CPU
		{B511B61F-CD99-4F42-89F6-11659CD45C68}.Debug|Any CPU.Build.0 = Debug|Any CPU
		{B511B61F-CD99-4F42-89F6-11659CD45C68}.Release|Any CPU.ActiveCfg = Release|Any CPU
		{B511B61F-CD99-4F42-89F6-11659CD45C68}.Release|Any CPU.Build.0 = Release|Any CPU
		{BEBD8559-42D2-4EC2-8946-C76695F765BA}.Debug|Any CPU.ActiveCfg = Debug|Any CPU
		{BEBD8559-42D2-4EC2-8946-C76695F765BA}.Debug|Any CPU.Build.0 = Debug|Any CPU
		{BEBD8559-42D2-4EC2-8946-C76695F765BA}.Release|Any CPU.ActiveCfg = Release|Any CPU
		{BEBD8559-42D2-4EC2-8946-C76695F765BA}.Release|Any CPU.Build.0 = Release|Any CPU
		{5E30C7E5-8EBD-4FED-9A5B-4493A935A12E}.Debug|Any CPU.ActiveCfg = Debug|Any CPU
		{5E30C7E5-8EBD-4FED-9A5B-4493A935A12E}.Debug|Any CPU.Build.0 = Debug|Any CPU
		{5E30C7E5-8EBD-4FED-9A5B-4493A935A12E}.Release|Any CPU.ActiveCfg = Release|Any CPU
		{5E30C7E5-8EBD-4FED-9A5B-4493A935A12E}.Release|Any CPU.Build.0 = Release|Any CPU
		{804EB3E1-810C-4676-87A2-F024418DBF90}.Debug|Any CPU.ActiveCfg = Debug|Any CPU
		{804EB3E1-810C-4676-87A2-F024418DBF90}.Debug|Any CPU.Build.0 = Debug|Any CPU
		{804EB3E1-810C-4676-87A2-F024418DBF90}.Release|Any CPU.ActiveCfg = Release|Any CPU
		{804EB3E1-810C-4676-87A2-F024418DBF90}.Release|Any CPU.Build.0 = Release|Any CPU
		{8B1883FC-F9C2-4C5F-B2F1-384ED1036392}.Debug|Any CPU.ActiveCfg = Debug|Any CPU
		{8B1883FC-F9C2-4C5F-B2F1-384ED1036392}.Debug|Any CPU.Build.0 = Debug|Any CPU
		{8B1883FC-F9C2-4C5F-B2F1-384ED1036392}.Release|Any CPU.ActiveCfg = Release|Any CPU
		{8B1883FC-F9C2-4C5F-B2F1-384ED1036392}.Release|Any CPU.Build.0 = Release|Any CPU
		{22C32C0D-5356-45CD-856A-602DCD75BB3B}.Debug|Any CPU.ActiveCfg = Debug|Any CPU
		{22C32C0D-5356-45CD-856A-602DCD75BB3B}.Debug|Any CPU.Build.0 = Debug|Any CPU
		{22C32C0D-5356-45CD-856A-602DCD75BB3B}.Release|Any CPU.ActiveCfg = Release|Any CPU
		{22C32C0D-5356-45CD-856A-602DCD75BB3B}.Release|Any CPU.Build.0 = Release|Any CPU
		{64500503-ABF9-409F-B809-070A15D06857}.Debug|Any CPU.ActiveCfg = Debug|Any CPU
		{64500503-ABF9-409F-B809-070A15D06857}.Debug|Any CPU.Build.0 = Debug|Any CPU
		{64500503-ABF9-409F-B809-070A15D06857}.Release|Any CPU.ActiveCfg = Release|Any CPU
		{64500503-ABF9-409F-B809-070A15D06857}.Release|Any CPU.Build.0 = Release|Any CPU
		{7CC7877B-BDA9-464A-A0DC-94407A965675}.Debug|Any CPU.ActiveCfg = Debug|Any CPU
		{7CC7877B-BDA9-464A-A0DC-94407A965675}.Debug|Any CPU.Build.0 = Debug|Any CPU
		{7CC7877B-BDA9-464A-A0DC-94407A965675}.Release|Any CPU.ActiveCfg = Release|Any CPU
		{7CC7877B-BDA9-464A-A0DC-94407A965675}.Release|Any CPU.Build.0 = Release|Any CPU
		{8DB7D8E0-FB95-4CD8-B9C6-F910429B7901}.Debug|Any CPU.ActiveCfg = Debug|Any CPU
		{8DB7D8E0-FB95-4CD8-B9C6-F910429B7901}.Debug|Any CPU.Build.0 = Debug|Any CPU
		{8DB7D8E0-FB95-4CD8-B9C6-F910429B7901}.Release|Any CPU.ActiveCfg = Release|Any CPU
		{8DB7D8E0-FB95-4CD8-B9C6-F910429B7901}.Release|Any CPU.Build.0 = Release|Any CPU
		{74322F7D-7419-4164-98AA-48415C7D9C90}.Debug|Any CPU.ActiveCfg = Debug|Any CPU
		{74322F7D-7419-4164-98AA-48415C7D9C90}.Debug|Any CPU.Build.0 = Debug|Any CPU
		{74322F7D-7419-4164-98AA-48415C7D9C90}.Release|Any CPU.ActiveCfg = Release|Any CPU
		{74322F7D-7419-4164-98AA-48415C7D9C90}.Release|Any CPU.Build.0 = Release|Any CPU
		{3CDCAFFE-A3CB-408B-9596-09534AD5E351}.Debug|Any CPU.ActiveCfg = Debug|Any CPU
		{3CDCAFFE-A3CB-408B-9596-09534AD5E351}.Debug|Any CPU.Build.0 = Debug|Any CPU
		{3CDCAFFE-A3CB-408B-9596-09534AD5E351}.Release|Any CPU.ActiveCfg = Release|Any CPU
		{3CDCAFFE-A3CB-408B-9596-09534AD5E351}.Release|Any CPU.Build.0 = Release|Any CPU
		{9481DAFB-58AD-472A-BEDE-B1336A44BBB2}.Debug|Any CPU.ActiveCfg = Debug|Any CPU
		{9481DAFB-58AD-472A-BEDE-B1336A44BBB2}.Debug|Any CPU.Build.0 = Debug|Any CPU
		{9481DAFB-58AD-472A-BEDE-B1336A44BBB2}.Release|Any CPU.ActiveCfg = Release|Any CPU
		{9481DAFB-58AD-472A-BEDE-B1336A44BBB2}.Release|Any CPU.Build.0 = Release|Any CPU
		{78321D7B-9504-43EB-AC0D-3A8406ACB37B}.Debug|Any CPU.ActiveCfg = Debug|Any CPU
		{78321D7B-9504-43EB-AC0D-3A8406ACB37B}.Debug|Any CPU.Build.0 = Debug|Any CPU
		{78321D7B-9504-43EB-AC0D-3A8406ACB37B}.Release|Any CPU.ActiveCfg = Release|Any CPU
		{78321D7B-9504-43EB-AC0D-3A8406ACB37B}.Release|Any CPU.Build.0 = Release|Any CPU
		{E0411119-E4EA-446B-9111-58F426ED8C93}.Debug|Any CPU.ActiveCfg = Debug|Any CPU
		{E0411119-E4EA-446B-9111-58F426ED8C93}.Debug|Any CPU.Build.0 = Debug|Any CPU
		{E0411119-E4EA-446B-9111-58F426ED8C93}.Release|Any CPU.ActiveCfg = Release|Any CPU
		{E0411119-E4EA-446B-9111-58F426ED8C93}.Release|Any CPU.Build.0 = Release|Any CPU
		{757C5AF0-4225-420F-ADC3-113396A5DE9B}.Debug|Any CPU.ActiveCfg = Debug|Any CPU
		{757C5AF0-4225-420F-ADC3-113396A5DE9B}.Debug|Any CPU.Build.0 = Debug|Any CPU
		{757C5AF0-4225-420F-ADC3-113396A5DE9B}.Release|Any CPU.ActiveCfg = Release|Any CPU
		{757C5AF0-4225-420F-ADC3-113396A5DE9B}.Release|Any CPU.Build.0 = Release|Any CPU
		{FA916812-1218-40C8-9275-A0D5360965F8}.Debug|Any CPU.ActiveCfg = Debug|Any CPU
		{FA916812-1218-40C8-9275-A0D5360965F8}.Debug|Any CPU.Build.0 = Debug|Any CPU
		{FA916812-1218-40C8-9275-A0D5360965F8}.Release|Any CPU.ActiveCfg = Release|Any CPU
		{FA916812-1218-40C8-9275-A0D5360965F8}.Release|Any CPU.Build.0 = Release|Any CPU
		{3AEF03A4-F75D-4E76-A995-70781BA19448}.Debug|Any CPU.ActiveCfg = Debug|Any CPU
		{3AEF03A4-F75D-4E76-A995-70781BA19448}.Debug|Any CPU.Build.0 = Debug|Any CPU
		{3AEF03A4-F75D-4E76-A995-70781BA19448}.Release|Any CPU.ActiveCfg = Release|Any CPU
		{3AEF03A4-F75D-4E76-A995-70781BA19448}.Release|Any CPU.Build.0 = Release|Any CPU
		{5C583395-E427-43FA-9D27-87D02FFFE7E1}.Debug|Any CPU.ActiveCfg = Debug|Any CPU
		{5C583395-E427-43FA-9D27-87D02FFFE7E1}.Debug|Any CPU.Build.0 = Debug|Any CPU
		{5C583395-E427-43FA-9D27-87D02FFFE7E1}.Release|Any CPU.ActiveCfg = Release|Any CPU
		{5C583395-E427-43FA-9D27-87D02FFFE7E1}.Release|Any CPU.Build.0 = Release|Any CPU
		{4B8AE642-FEB9-4399-8C20-0E62EAC2ADCE}.Debug|Any CPU.ActiveCfg = Debug|Any CPU
		{4B8AE642-FEB9-4399-8C20-0E62EAC2ADCE}.Debug|Any CPU.Build.0 = Debug|Any CPU
		{4B8AE642-FEB9-4399-8C20-0E62EAC2ADCE}.Release|Any CPU.ActiveCfg = Release|Any CPU
		{4B8AE642-FEB9-4399-8C20-0E62EAC2ADCE}.Release|Any CPU.Build.0 = Release|Any CPU
		{5FBF61CD-132B-4A93-9496-BE13F60AC3E7}.Debug|Any CPU.ActiveCfg = Debug|Any CPU
		{5FBF61CD-132B-4A93-9496-BE13F60AC3E7}.Debug|Any CPU.Build.0 = Debug|Any CPU
		{5FBF61CD-132B-4A93-9496-BE13F60AC3E7}.Release|Any CPU.ActiveCfg = Release|Any CPU
		{5FBF61CD-132B-4A93-9496-BE13F60AC3E7}.Release|Any CPU.Build.0 = Release|Any CPU
		{8E1F6BAD-E977-40CF-9800-38E60C928CE8}.Debug|Any CPU.ActiveCfg = Debug|Any CPU
		{8E1F6BAD-E977-40CF-9800-38E60C928CE8}.Debug|Any CPU.Build.0 = Debug|Any CPU
		{8E1F6BAD-E977-40CF-9800-38E60C928CE8}.Release|Any CPU.ActiveCfg = Release|Any CPU
		{8E1F6BAD-E977-40CF-9800-38E60C928CE8}.Release|Any CPU.Build.0 = Release|Any CPU
		{511DBCD3-9A4D-4F61-BE8D-7F0599522233}.Debug|Any CPU.ActiveCfg = Debug|Any CPU
		{511DBCD3-9A4D-4F61-BE8D-7F0599522233}.Debug|Any CPU.Build.0 = Debug|Any CPU
		{511DBCD3-9A4D-4F61-BE8D-7F0599522233}.Release|Any CPU.ActiveCfg = Release|Any CPU
		{511DBCD3-9A4D-4F61-BE8D-7F0599522233}.Release|Any CPU.Build.0 = Release|Any CPU
		{B94EBB00-900D-4128-B4F6-219C42A2CC95}.Debug|Any CPU.ActiveCfg = Debug|Any CPU
		{B94EBB00-900D-4128-B4F6-219C42A2CC95}.Debug|Any CPU.Build.0 = Debug|Any CPU
		{B94EBB00-900D-4128-B4F6-219C42A2CC95}.Release|Any CPU.ActiveCfg = Release|Any CPU
		{B94EBB00-900D-4128-B4F6-219C42A2CC95}.Release|Any CPU.Build.0 = Release|Any CPU
		{FDB56C68-518F-4F36-8741-D4545A37F246}.Debug|Any CPU.ActiveCfg = Debug|Any CPU
		{FDB56C68-518F-4F36-8741-D4545A37F246}.Debug|Any CPU.Build.0 = Debug|Any CPU
		{FDB56C68-518F-4F36-8741-D4545A37F246}.Release|Any CPU.ActiveCfg = Release|Any CPU
		{FDB56C68-518F-4F36-8741-D4545A37F246}.Release|Any CPU.Build.0 = Release|Any CPU
		{568AA098-1AA8-462E-8484-745FB2263F81}.Debug|Any CPU.ActiveCfg = Debug|Any CPU
		{568AA098-1AA8-462E-8484-745FB2263F81}.Debug|Any CPU.Build.0 = Debug|Any CPU
		{568AA098-1AA8-462E-8484-745FB2263F81}.Release|Any CPU.ActiveCfg = Release|Any CPU
		{568AA098-1AA8-462E-8484-745FB2263F81}.Release|Any CPU.Build.0 = Release|Any CPU
		{D02556B2-CD53-450D-A167-E3782FC56789}.Debug|Any CPU.ActiveCfg = Debug|Any CPU
		{D02556B2-CD53-450D-A167-E3782FC56789}.Debug|Any CPU.Build.0 = Debug|Any CPU
		{D02556B2-CD53-450D-A167-E3782FC56789}.Release|Any CPU.ActiveCfg = Release|Any CPU
		{D02556B2-CD53-450D-A167-E3782FC56789}.Release|Any CPU.Build.0 = Release|Any CPU
		{3A63CFD4-D93A-456D-83E4-2D88BE3895E4}.Debug|Any CPU.ActiveCfg = Debug|Any CPU
		{3A63CFD4-D93A-456D-83E4-2D88BE3895E4}.Debug|Any CPU.Build.0 = Debug|Any CPU
		{3A63CFD4-D93A-456D-83E4-2D88BE3895E4}.Release|Any CPU.ActiveCfg = Release|Any CPU
		{3A63CFD4-D93A-456D-83E4-2D88BE3895E4}.Release|Any CPU.Build.0 = Release|Any CPU
	EndGlobalSection
	GlobalSection(SolutionProperties) = preSolution
		HideSolutionNode = FALSE
	EndGlobalSection
	GlobalSection(ExtensibilityGlobals) = postSolution
		SolutionGuid = {E358FD4C-D5CF-4A71-860C-1ED69E9A34B7}
	EndGlobalSection
EndGlobal
