
Microsoft Visual Studio Solution File, Format Version 12.00
# Visual Studio Version 17
VisualStudioVersion = 17.8.34408.163
MinimumVisualStudioVersion = 10.0.40219.1
Project("{FAE04EC0-301F-11D3-BF4B-00C04F79EFBC}") = "ProjectAsync", "ProjectAsync\ProjectAsync.csproj", "{1D01A75C-0AAF-4FF3-8365-7CEC716E6D36}"
EndProject
Global
	GlobalSection(SolutionConfigurationPlatforms) = preSolution
		Debug|Any CPU = Debug|Any CPU
		Release|Any CPU = Release|Any CPU
	EndGlobalSection
	GlobalSection(ProjectConfigurationPlatforms) = postSolution
		{1D01A75C-0AAF-4FF3-8365-7CEC716E6D36}.Debug|Any CPU.ActiveCfg = Debug|Any CPU
		{1D01A75C-0AAF-4FF3-8365-7CEC716E6D36}.Debug|Any CPU.Build.0 = Debug|Any CPU
		{1D01A75C-0AAF-4FF3-8365-7CEC716E6D36}.Release|Any CPU.ActiveCfg = Release|Any CPU
		{1D01A75C-0AAF-4FF3-8365-7CEC716E6D36}.Release|Any CPU.Build.0 = Release|Any CPU
	EndGlobalSection
	GlobalSection(SolutionProperties) = preSolution
		HideSolutionNode = FALSE
	EndGlobalSection
	GlobalSection(ExtensibilityGlobals) = postSolution
		SolutionGuid = {7FBF4113-A4FF-438D-A90A-CBD0A0797D48}
	EndGlobalSection
EndGlobal
