
Microsoft Visual Studio Solution File, Format Version 12.00
# Visual Studio Version 17
VisualStudioVersion = 17.9.34616.47
MinimumVisualStudioVersion = 10.0.40219.1
Project("{FAE04EC0-301F-11D3-BF4B-00C04F79EFBC}") = "VolumeCilindro", "VolumeCilindro.csproj", "{47F89849-A378-417D-8D31-257A717E0AE6}"
EndProject
Global
	GlobalSection(SolutionConfigurationPlatforms) = preSolution
		Debug|Any CPU = Debug|Any CPU
		Release|Any CPU = Release|Any CPU
	EndGlobalSection
	GlobalSection(ProjectConfigurationPlatforms) = postSolution
		{47F89849-A378-417D-8D31-257A717E0AE6}.Debug|Any CPU.ActiveCfg = Debug|Any CPU
		{47F89849-A378-417D-8D31-257A717E0AE6}.Debug|Any CPU.Build.0 = Debug|Any CPU
		{47F89849-A378-417D-8D31-257A717E0AE6}.Release|Any CPU.ActiveCfg = Release|Any CPU
		{47F89849-A378-417D-8D31-257A717E0AE6}.Release|Any CPU.Build.0 = Release|Any CPU
	EndGlobalSection
	GlobalSection(SolutionProperties) = preSolution
		HideSolutionNode = FALSE
	EndGlobalSection
	GlobalSection(ExtensibilityGlobals) = postSolution
		SolutionGuid = {3EDAA5D4-691A-4E70-99FF-C54A0B82D4E5}
	EndGlobalSection
EndGlobal
