
Microsoft Visual Studio Solution File, Format Version 12.00
# Visual Studio Version 17
VisualStudioVersion = 17.8.34408.163
MinimumVisualStudioVersion = 10.0.40219.1
Project("{FAE04EC0-301F-11D3-BF4B-00C04F79EFBC}") = "Exercicio01", "Exercicio01.csproj", "{11134795-8B14-4835-9B92-E45345899DCB}"
EndProject
Project("{FAE04EC0-301F-11D3-BF4B-00C04F79EFBC}") = "Exercicio 02", "..\Exercicio 02\Exercicio 02.csproj", "{94A4166C-878E-4560-B026-16252167741A}"
EndProject
Project("{FAE04EC0-301F-11D3-BF4B-00C04F79EFBC}") = "Exercicio03", "..\Exercicio03\Exercicio03.csproj", "{5188E24E-CE37-4553-A1D3-5368012EEF34}"
EndProject
Project("{FAE04EC0-301F-11D3-BF4B-00C04F79EFBC}") = "Exercicio04", "..\Exercicio04\Exercicio04.csproj", "{9EE94883-B873-415A-970F-BC5BCB3B257F}"
EndProject
Project("{FAE04EC0-301F-11D3-BF4B-00C04F79EFBC}") = "Exercicio5", "..\Exercicio5\Exercicio5.csproj", "{D71AEED3-BF46-4455-8B17-0572A52F0455}"
EndProject
Global
	GlobalSection(SolutionConfigurationPlatforms) = preSolution
		Debug|Any CPU = Debug|Any CPU
		Release|Any CPU = Release|Any CPU
	EndGlobalSection
	GlobalSection(ProjectConfigurationPlatforms) = postSolution
		{11134795-8B14-4835-9B92-E45345899DCB}.Debug|Any CPU.ActiveCfg = Debug|Any CPU
		{11134795-8B14-4835-9B92-E45345899DCB}.Debug|Any CPU.Build.0 = Debug|Any CPU
		{11134795-8B14-4835-9B92-E45345899DCB}.Release|Any CPU.ActiveCfg = Release|Any CPU
		{11134795-8B14-4835-9B92-E45345899DCB}.Release|Any CPU.Build.0 = Release|Any CPU
		{94A4166C-878E-4560-B026-16252167741A}.Debug|Any CPU.ActiveCfg = Debug|Any CPU
		{94A4166C-878E-4560-B026-16252167741A}.Debug|Any CPU.Build.0 = Debug|Any CPU
		{94A4166C-878E-4560-B026-16252167741A}.Release|Any CPU.ActiveCfg = Release|Any CPU
		{94A4166C-878E-4560-B026-16252167741A}.Release|Any CPU.Build.0 = Release|Any CPU
		{5188E24E-CE37-4553-A1D3-5368012EEF34}.Debug|Any CPU.ActiveCfg = Debug|Any CPU
		{5188E24E-CE37-4553-A1D3-5368012EEF34}.Debug|Any CPU.Build.0 = Debug|Any CPU
		{5188E24E-CE37-4553-A1D3-5368012EEF34}.Release|Any CPU.ActiveCfg = Release|Any CPU
		{5188E24E-CE37-4553-A1D3-5368012EEF34}.Release|Any CPU.Build.0 = Release|Any CPU
		{9EE94883-B873-415A-970F-BC5BCB3B257F}.Debug|Any CPU.ActiveCfg = Debug|Any CPU
		{9EE94883-B873-415A-970F-BC5BCB3B257F}.Debug|Any CPU.Build.0 = Debug|Any CPU
		{9EE94883-B873-415A-970F-BC5BCB3B257F}.Release|Any CPU.ActiveCfg = Release|Any CPU
		{9EE94883-B873-415A-970F-BC5BCB3B257F}.Release|Any CPU.Build.0 = Release|Any CPU
		{D71AEED3-BF46-4455-8B17-0572A52F0455}.Debug|Any CPU.ActiveCfg = Debug|Any CPU
		{D71AEED3-BF46-4455-8B17-0572A52F0455}.Debug|Any CPU.Build.0 = Debug|Any CPU
		{D71AEED3-BF46-4455-8B17-0572A52F0455}.Release|Any CPU.ActiveCfg = Release|Any CPU
		{D71AEED3-BF46-4455-8B17-0572A52F0455}.Release|Any CPU.Build.0 = Release|Any CPU
	EndGlobalSection
	GlobalSection(SolutionProperties) = preSolution
		HideSolutionNode = FALSE
	EndGlobalSection
	GlobalSection(ExtensibilityGlobals) = postSolution
		SolutionGuid = {566E799C-FCEF-431A-ADBA-568D67402DC6}
	EndGlobalSection
EndGlobal
