
Microsoft Visual Studio Solution File, Format Version 12.00
# Visual Studio Version 17
VisualStudioVersion = 17.8.34408.163
MinimumVisualStudioVersion = 10.0.40219.1
Project("{FAE04EC0-301F-11D3-BF4B-00C04F79EFBC}") = "Colecao", "Colecao.csproj", "{611A8D98-C30D-4110-9EEA-7A3A128AAD41}"
EndProject
Project("{FAE04EC0-301F-11D3-BF4B-00C04F79EFBC}") = "Matriz", "..\Matriz\Matriz.csproj", "{CC694F22-2D58-465A-8BC9-BDFD01E38DD4}"
EndProject
Project("{FAE04EC0-301F-11D3-BF4B-00C04F79EFBC}") = "Multiplicação de matrizes", "..\Multiplicação de matrizes\Multiplicação de matrizes.csproj", "{CFD98BA3-61E6-480C-A390-81F1F820AD21}"
EndProject
Global
	GlobalSection(SolutionConfigurationPlatforms) = preSolution
		Debug|Any CPU = Debug|Any CPU
		Release|Any CPU = Release|Any CPU
	EndGlobalSection
	GlobalSection(ProjectConfigurationPlatforms) = postSolution
		{611A8D98-C30D-4110-9EEA-7A3A128AAD41}.Debug|Any CPU.ActiveCfg = Debug|Any CPU
		{611A8D98-C30D-4110-9EEA-7A3A128AAD41}.Debug|Any CPU.Build.0 = Debug|Any CPU
		{611A8D98-C30D-4110-9EEA-7A3A128AAD41}.Release|Any CPU.ActiveCfg = Release|Any CPU
		{611A8D98-C30D-4110-9EEA-7A3A128AAD41}.Release|Any CPU.Build.0 = Release|Any CPU
		{CC694F22-2D58-465A-8BC9-BDFD01E38DD4}.Debug|Any CPU.ActiveCfg = Debug|Any CPU
		{CC694F22-2D58-465A-8BC9-BDFD01E38DD4}.Debug|Any CPU.Build.0 = Debug|Any CPU
		{CC694F22-2D58-465A-8BC9-BDFD01E38DD4}.Release|Any CPU.ActiveCfg = Release|Any CPU
		{CC694F22-2D58-465A-8BC9-BDFD01E38DD4}.Release|Any CPU.Build.0 = Release|Any CPU
		{CFD98BA3-61E6-480C-A390-81F1F820AD21}.Debug|Any CPU.ActiveCfg = Debug|Any CPU
		{CFD98BA3-61E6-480C-A390-81F1F820AD21}.Debug|Any CPU.Build.0 = Debug|Any CPU
		{CFD98BA3-61E6-480C-A390-81F1F820AD21}.Release|Any CPU.ActiveCfg = Release|Any CPU
		{CFD98BA3-61E6-480C-A390-81F1F820AD21}.Release|Any CPU.Build.0 = Release|Any CPU
	EndGlobalSection
	GlobalSection(SolutionProperties) = preSolution
		HideSolutionNode = FALSE
	EndGlobalSection
	GlobalSection(ExtensibilityGlobals) = postSolution
		SolutionGuid = {AFAF74A9-E507-4D75-A008-47987FB38E55}
	EndGlobalSection
EndGlobal
