
Microsoft Visual Studio Solution File, Format Version 12.00
# Visual Studio Version 17
VisualStudioVersion = 17.8.34408.163
MinimumVisualStudioVersion = 10.0.40219.1
Project("{FAE04EC0-301F-11D3-BF4B-00C04F79EFBC}") = "jokenpo", "jokenpo\jokenpo.csproj", "{156BE071-72CE-4F09-91D5-57B91DC1EB6E}"
EndProject
Global
	GlobalSection(SolutionConfigurationPlatforms) = preSolution
		Debug|Any CPU = Debug|Any CPU
		Release|Any CPU = Release|Any CPU
	EndGlobalSection
	GlobalSection(ProjectConfigurationPlatforms) = postSolution
		{156BE071-72CE-4F09-91D5-57B91DC1EB6E}.Debug|Any CPU.ActiveCfg = Debug|Any CPU
		{156BE071-72CE-4F09-91D5-57B91DC1EB6E}.Debug|Any CPU.Build.0 = Debug|Any CPU
		{156BE071-72CE-4F09-91D5-57B91DC1EB6E}.Release|Any CPU.ActiveCfg = Release|Any CPU
		{156BE071-72CE-4F09-91D5-57B91DC1EB6E}.Release|Any CPU.Build.0 = Release|Any CPU
	EndGlobalSection
	GlobalSection(SolutionProperties) = preSolution
		HideSolutionNode = FALSE
	EndGlobalSection
	GlobalSection(ExtensibilityGlobals) = postSolution
		SolutionGuid = {2D049A8E-FFC7-422A-9913-3FA00696AFB3}
	EndGlobalSection
EndGlobal
