
Microsoft Visual Studio Solution File, Format Version 12.00
# Visual Studio Version 17
VisualStudioVersion = 17.8.34408.163
MinimumVisualStudioVersion = 10.0.40219.1
Project("{FAE04EC0-301F-11D3-BF4B-00C04F79EFBC}") = "Hello", "beecrowd\Hello.csproj", "{172B4604-E934-49BD-868D-9B0D81568888}"
EndProject
Project("{FAE04EC0-301F-11D3-BF4B-00C04F79EFBC}") = "ExtremamenteFacil", "ExtremamenteFacil\ExtremamenteFacil.csproj", "{D54EFAFF-CEBF-4D37-BEAD-9D3407E8B89A}"
EndProject
Project("{FAE04EC0-301F-11D3-BF4B-00C04F79EFBC}") = "AreaCirculo", "AreaCirculo\AreaCirculo.csproj", "{E0427068-1498-4D3D-98BC-D1C03B72FED4}"
EndProject
Project("{FAE04EC0-301F-11D3-BF4B-00C04F79EFBC}") = "Soma", "Soma\Soma.csproj", "{91BF3D28-9D5D-47B3-9FB8-E89EF0D4EC92}"
EndProject
Project("{FAE04EC0-301F-11D3-BF4B-00C04F79EFBC}") = "Media", "Media\Media.csproj", "{71763B4A-6075-46CD-97BD-DBE91BE07A5A}"
EndProject
Project("{FAE04EC0-301F-11D3-BF4B-00C04F79EFBC}") = "Media2", "Media2\Media2.csproj", "{AD898DF0-EC35-4D93-A6A9-2A5EED7DCE50}"
EndProject
Project("{FAE04EC0-301F-11D3-BF4B-00C04F79EFBC}") = "Diferenca", "Diferenca\Diferenca.csproj", "{ABB79C3E-EC2F-4B46-B5CB-D8604F30BE79}"
EndProject
Project("{FAE04EC0-301F-11D3-BF4B-00C04F79EFBC}") = "Salario", "Salario\Salario.csproj", "{D32973D5-A411-48EA-A92E-5CAB7737CF39}"
EndProject
Project("{FAE04EC0-301F-11D3-BF4B-00C04F79EFBC}") = "SalarioBonus", "SalarioBonus\SalarioBonus.csproj", "{B5FEED2C-7826-49F1-B282-1D33253001F7}"
EndProject
Project("{FAE04EC0-301F-11D3-BF4B-00C04F79EFBC}") = "CalculoSimples", "CalculoSimples\CalculoSimples.csproj", "{1ED6F448-2071-492E-BABB-878F48B7DD0A}"
EndProject
Project("{FAE04EC0-301F-11D3-BF4B-00C04F79EFBC}") = "Esfera", "Esfera\Esfera.csproj", "{3F35FD49-4BE9-4162-BF83-533786783FE8}"
EndProject
Project("{FAE04EC0-301F-11D3-BF4B-00C04F79EFBC}") = "Area", "Area\Area.csproj", "{6D57A649-498B-46D8-BDC7-991DF6FDF8C7}"
EndProject
Project("{FAE04EC0-301F-11D3-BF4B-00C04F79EFBC}") = "Maior", "ConsoleApp1\Maior.csproj", "{C1D74D9B-7BCE-41DA-9B3B-722851E9DA83}"
EndProject
Project("{FAE04EC0-301F-11D3-BF4B-00C04F79EFBC}") = "Consumo", "Consumo\Consumo.csproj", "{4F1BD5BA-8394-4BF2-891A-8504232FAACF}"
EndProject
Project("{FAE04EC0-301F-11D3-BF4B-00C04F79EFBC}") = "DistanciaEntreDoisPontos", "DistanciaEntreDoisPontos\DistanciaEntreDoisPontos.csproj", "{D56A7116-E6A0-46DA-B657-54BD0749821D}"
EndProject
Project("{FAE04EC0-301F-11D3-BF4B-00C04F79EFBC}") = "distancia", "distancia\distancia.csproj", "{A0020264-E844-46D5-86CC-A34432F4BFC3}"
EndProject
Project("{FAE04EC0-301F-11D3-BF4B-00C04F79EFBC}") = "GastoDeCombustivel", "GastoDeCombustivel\GastoDeCombustivel.csproj", "{2E8C26E7-218B-4F72-A2CB-742FF2DC5C48}"
EndProject
Project("{FAE04EC0-301F-11D3-BF4B-00C04F79EFBC}") = "cedulas", "cedulas\cedulas.csproj", "{6EEAC925-AE0A-42FA-B09E-76AB1D4A8CED}"
EndProject
Project("{FAE04EC0-301F-11D3-BF4B-00C04F79EFBC}") = "ConversaoTempo", "ConversaoTempo\ConversaoTempo.csproj", "{433CCE76-1079-4D2C-B555-FA150D177A2D}"
EndProject
Project("{FAE04EC0-301F-11D3-BF4B-00C04F79EFBC}") = "IdadeDias", "IdadeDias\IdadeDias.csproj", "{C853547C-0C96-4437-A16F-94241B135A63}"
EndProject
Project("{FAE04EC0-301F-11D3-BF4B-00C04F79EFBC}") = "NotasMoedas", "NotasMoedas\NotasMoedas.csproj", "{8478D816-95A8-4F1B-8A7E-9830AF2CCCC0}"
EndProject
Project("{FAE04EC0-301F-11D3-BF4B-00C04F79EFBC}") = "TesteSelecao1", "TesteSelecao1\TesteSelecao1.csproj", "{D1BA0449-E11F-4F80-A9C4-3D7326FB34B9}"
EndProject
Project("{FAE04EC0-301F-11D3-BF4B-00C04F79EFBC}") = "Basckara", "Basckara\Basckara.csproj", "{ED60E74C-3A2F-45DB-BE3D-54F5C83BA5D8}"
EndProject
Project("{FAE04EC0-301F-11D3-BF4B-00C04F79EFBC}") = "intervalo", "intervalo\intervalo.csproj", "{4C21B3B3-1E28-4013-BC02-D957A20767F1}"
EndProject
Project("{FAE04EC0-301F-11D3-BF4B-00C04F79EFBC}") = "Lanchee", "Lanchee\Lanchee.csproj", "{92184F5D-E08A-4A47-B38A-5F1EA6B8F7D6}"
EndProject
Project("{FAE04EC0-301F-11D3-BF4B-00C04F79EFBC}") = "Media3", "Media3\Media3.csproj", "{95A683AD-ACD6-489C-AEBD-5E59DE18E095}"
EndProject
Project("{FAE04EC0-301F-11D3-BF4B-00C04F79EFBC}") = "Coordenadas", "Coordenadas\Coordenadas.csproj", "{3B029B19-392C-48FA-867A-23A575087270}"
EndProject
Project("{FAE04EC0-301F-11D3-BF4B-00C04F79EFBC}") = "SorteSimples", "SorteSimples\SorteSimples.csproj", "{1E4E9E72-5458-4818-B21F-27FEFCA89003}"
EndProject
Project("{FAE04EC0-301F-11D3-BF4B-00C04F79EFBC}") = "Triangulo", "Triangulo\Triangulo.csproj", "{4D10C69D-FE03-42ED-AD90-060285C3365D}"
EndProject
Project("{FAE04EC0-301F-11D3-BF4B-00C04F79EFBC}") = "Multiplos", "Multiplos\Multiplos.csproj", "{545EC3AF-C6FC-4E70-BE8F-81DD677C4504}"
EndProject
Project("{FAE04EC0-301F-11D3-BF4B-00C04F79EFBC}") = "TiposDeTriangulo", "TiposDeTriangulo\TiposDeTriangulo.csproj", "{82D0405E-ED47-486C-A9D2-E6DF72ED5E82}"
EndProject
Project("{FAE04EC0-301F-11D3-BF4B-00C04F79EFBC}") = "TempoDeJogo", "TempoDeJogo\TempoDeJogo.csproj", "{8A85E28D-240E-48FF-8FC4-998CC267D8A4}"
EndProject
Project("{FAE04EC0-301F-11D3-BF4B-00C04F79EFBC}") = "TempoJogoMinutos", "TempoJogoMinutos\TempoJogoMinutos.csproj", "{AC3495B2-A2E2-4A67-A26F-12CCE11A8825}"
EndProject
Project("{FAE04EC0-301F-11D3-BF4B-00C04F79EFBC}") = "AumentoSalario", "AumentoSalario\AumentoSalario.csproj", "{1622D4EA-57F4-4218-905F-CBA640F9C9EE}"
EndProject
Project("{FAE04EC0-301F-11D3-BF4B-00C04F79EFBC}") = "Animal", "Animal\Animal.csproj", "{B922768D-29AE-480E-A968-BBB12717529C}"
EndProject
Project("{FAE04EC0-301F-11D3-BF4B-00C04F79EFBC}") = "DDD", "DDD\DDD.csproj", "{162CF467-96AE-41C9-A405-406275BE094F}"
EndProject
Project("{FAE04EC0-301F-11D3-BF4B-00C04F79EFBC}") = "ImpostoRenda", "ImpostoRenda\ImpostoRenda.csproj", "{0735DF3B-D355-4497-ABAC-84F7934982CF}"
EndProject
Project("{FAE04EC0-301F-11D3-BF4B-00C04F79EFBC}") = "Mes", "Mes\Mes.csproj", "{C0076083-DC99-4765-A3CB-69D4580A89F9}"
EndProject
Project("{FAE04EC0-301F-11D3-BF4B-00C04F79EFBC}") = "numerosPares", "numerosPares\numerosPares.csproj", "{A89AF299-F046-4CB7-8595-626A121B7648}"
EndProject
Project("{FAE04EC0-301F-11D3-BF4B-00C04F79EFBC}") = "Positivos", "Positivos\Positivos.csproj", "{92952336-A7A5-4DEE-9B17-95F4C08E3E78}"
EndProject
Project("{FAE04EC0-301F-11D3-BF4B-00C04F79EFBC}") = "TempoEvento", "TempoEvento\TempoEvento.csproj", "{9EEDFDB3-8542-4E65-BDC2-5AB3A61D1212}"
EndProject
Project("{FAE04EC0-301F-11D3-BF4B-00C04F79EFBC}") = "PositivosMedia", "PositivosMedia\PositivosMedia.csproj", "{A28DC2D7-8857-4781-8011-16BF59156775}"
EndProject
Project("{FAE04EC0-301F-11D3-BF4B-00C04F79EFBC}") = "ParesCinco", "ParesCinco\ParesCinco.csproj", "{24925BF4-5CC9-4D5E-8772-F6184F5FB1B2}"
EndProject
Project("{FAE04EC0-301F-11D3-BF4B-00C04F79EFBC}") = "Positivos, Pares, Negativos", "Positivos, Pares, Negativos\Positivos, Pares, Negativos.csproj", "{7F3EDD33-912B-41AB-82A3-5ADD6B4B63B2}"
EndProject
Project("{FAE04EC0-301F-11D3-BF4B-00C04F79EFBC}") = "NumerosImpares", "NumerosImpares\NumerosImpares.csproj", "{68C37372-84D8-4A96-A7F7-3A8976ABAA6C}"
EndProject
Project("{FAE04EC0-301F-11D3-BF4B-00C04F79EFBC}") = "ImparesConsecutivos", "ImparesConsecutivos\ImparesConsecutivos.csproj", "{DB19C3D2-1BFE-4D24-836E-064861255D25}"
EndProject
Project("{FAE04EC0-301F-11D3-BF4B-00C04F79EFBC}") = "Intervalo2", "Intervalo2\Intervalo2.csproj", "{CF93852B-9574-449F-A4E4-3B86F34D321F}"
EndProject
Project("{FAE04EC0-301F-11D3-BF4B-00C04F79EFBC}") = "Quadrado de Pares", "Quadrado de Pares\Quadrado de Pares.csproj", "{DFE79673-0C80-469D-B2FB-6516D0AED506}"
EndProject
Project("{FAE04EC0-301F-11D3-BF4B-00C04F79EFBC}") = "Virus", "Virus\Virus.csproj", "{AF2B3628-C14F-44F0-872F-BE1907DC08FB}"
EndProject
Project("{FAE04EC0-301F-11D3-BF4B-00C04F79EFBC}") = "ParOuImpar", "ParOuImpar\ParOuImpar.csproj", "{24C5BB49-25C4-483D-8BAA-2ACE6291D3C5}"
EndProject
Project("{FAE04EC0-301F-11D3-BF4B-00C04F79EFBC}") = "Resto 2", "Resto 2\Resto 2.csproj", "{61FB2F6E-2167-4D45-8611-B06FCE5715FA}"
EndProject
Project("{FAE04EC0-301F-11D3-BF4B-00C04F79EFBC}") = "Tabuada", "Tabuada\Tabuada.csproj", "{0E48CE61-ACE5-4B7D-BC5C-F8EBCA11E1D6}"
EndProject
Project("{FAE04EC0-301F-11D3-BF4B-00C04F79EFBC}") = "Media Ponderada", "Media Ponderada\Media Ponderada.csproj", "{73039F5B-E559-45A4-A208-33ED6D56B77C}"
EndProject
Project("{FAE04EC0-301F-11D3-BF4B-00C04F79EFBC}") = "Maior e Posição", "Maior e Posição\Maior e Posição.csproj", "{DAFF7332-4A06-424C-AD22-702137B39832}"
EndProject
Global
	GlobalSection(SolutionConfigurationPlatforms) = preSolution
		Debug|Any CPU = Debug|Any CPU
		Release|Any CPU = Release|Any CPU
	EndGlobalSection
	GlobalSection(ProjectConfigurationPlatforms) = postSolution
		{172B4604-E934-49BD-868D-9B0D81568888}.Debug|Any CPU.ActiveCfg = Debug|Any CPU
		{172B4604-E934-49BD-868D-9B0D81568888}.Debug|Any CPU.Build.0 = Debug|Any CPU
		{172B4604-E934-49BD-868D-9B0D81568888}.Release|Any CPU.ActiveCfg = Release|Any CPU
		{172B4604-E934-49BD-868D-9B0D81568888}.Release|Any CPU.Build.0 = Release|Any CPU
		{D54EFAFF-CEBF-4D37-BEAD-9D3407E8B89A}.Debug|Any CPU.ActiveCfg = Debug|Any CPU
		{D54EFAFF-CEBF-4D37-BEAD-9D3407E8B89A}.Debug|Any CPU.Build.0 = Debug|Any CPU
		{D54EFAFF-CEBF-4D37-BEAD-9D3407E8B89A}.Release|Any CPU.ActiveCfg = Release|Any CPU
		{D54EFAFF-CEBF-4D37-BEAD-9D3407E8B89A}.Release|Any CPU.Build.0 = Release|Any CPU
		{E0427068-1498-4D3D-98BC-D1C03B72FED4}.Debug|Any CPU.ActiveCfg = Debug|Any CPU
		{E0427068-1498-4D3D-98BC-D1C03B72FED4}.Debug|Any CPU.Build.0 = Debug|Any CPU
		{E0427068-1498-4D3D-98BC-D1C03B72FED4}.Release|Any CPU.ActiveCfg = Release|Any CPU
		{E0427068-1498-4D3D-98BC-D1C03B72FED4}.Release|Any CPU.Build.0 = Release|Any CPU
		{91BF3D28-9D5D-47B3-9FB8-E89EF0D4EC92}.Debug|Any CPU.ActiveCfg = Debug|Any CPU
		{91BF3D28-9D5D-47B3-9FB8-E89EF0D4EC92}.Debug|Any CPU.Build.0 = Debug|Any CPU
		{91BF3D28-9D5D-47B3-9FB8-E89EF0D4EC92}.Release|Any CPU.ActiveCfg = Release|Any CPU
		{91BF3D28-9D5D-47B3-9FB8-E89EF0D4EC92}.Release|Any CPU.Build.0 = Release|Any CPU
		{71763B4A-6075-46CD-97BD-DBE91BE07A5A}.Debug|Any CPU.ActiveCfg = Debug|Any CPU
		{71763B4A-6075-46CD-97BD-DBE91BE07A5A}.Debug|Any CPU.Build.0 = Debug|Any CPU
		{71763B4A-6075-46CD-97BD-DBE91BE07A5A}.Release|Any CPU.ActiveCfg = Release|Any CPU
		{71763B4A-6075-46CD-97BD-DBE91BE07A5A}.Release|Any CPU.Build.0 = Release|Any CPU
		{AD898DF0-EC35-4D93-A6A9-2A5EED7DCE50}.Debug|Any CPU.ActiveCfg = Debug|Any CPU
		{AD898DF0-EC35-4D93-A6A9-2A5EED7DCE50}.Debug|Any CPU.Build.0 = Debug|Any CPU
		{AD898DF0-EC35-4D93-A6A9-2A5EED7DCE50}.Release|Any CPU.ActiveCfg = Release|Any CPU
		{AD898DF0-EC35-4D93-A6A9-2A5EED7DCE50}.Release|Any CPU.Build.0 = Release|Any CPU
		{ABB79C3E-EC2F-4B46-B5CB-D8604F30BE79}.Debug|Any CPU.ActiveCfg = Debug|Any CPU
		{ABB79C3E-EC2F-4B46-B5CB-D8604F30BE79}.Debug|Any CPU.Build.0 = Debug|Any CPU
		{ABB79C3E-EC2F-4B46-B5CB-D8604F30BE79}.Release|Any CPU.ActiveCfg = Release|Any CPU
		{ABB79C3E-EC2F-4B46-B5CB-D8604F30BE79}.Release|Any CPU.Build.0 = Release|Any CPU
		{D32973D5-A411-48EA-A92E-5CAB7737CF39}.Debug|Any CPU.ActiveCfg = Debug|Any CPU
		{D32973D5-A411-48EA-A92E-5CAB7737CF39}.Debug|Any CPU.Build.0 = Debug|Any CPU
		{D32973D5-A411-48EA-A92E-5CAB7737CF39}.Release|Any CPU.ActiveCfg = Release|Any CPU
		{D32973D5-A411-48EA-A92E-5CAB7737CF39}.Release|Any CPU.Build.0 = Release|Any CPU
		{B5FEED2C-7826-49F1-B282-1D33253001F7}.Debug|Any CPU.ActiveCfg = Debug|Any CPU
		{B5FEED2C-7826-49F1-B282-1D33253001F7}.Debug|Any CPU.Build.0 = Debug|Any CPU
		{B5FEED2C-7826-49F1-B282-1D33253001F7}.Release|Any CPU.ActiveCfg = Release|Any CPU
		{B5FEED2C-7826-49F1-B282-1D33253001F7}.Release|Any CPU.Build.0 = Release|Any CPU
		{1ED6F448-2071-492E-BABB-878F48B7DD0A}.Debug|Any CPU.ActiveCfg = Debug|Any CPU
		{1ED6F448-2071-492E-BABB-878F48B7DD0A}.Debug|Any CPU.Build.0 = Debug|Any CPU
		{1ED6F448-2071-492E-BABB-878F48B7DD0A}.Release|Any CPU.ActiveCfg = Release|Any CPU
		{1ED6F448-2071-492E-BABB-878F48B7DD0A}.Release|Any CPU.Build.0 = Release|Any CPU
		{3F35FD49-4BE9-4162-BF83-533786783FE8}.Debug|Any CPU.ActiveCfg = Debug|Any CPU
		{3F35FD49-4BE9-4162-BF83-533786783FE8}.Debug|Any CPU.Build.0 = Debug|Any CPU
		{3F35FD49-4BE9-4162-BF83-533786783FE8}.Release|Any CPU.ActiveCfg = Release|Any CPU
		{3F35FD49-4BE9-4162-BF83-533786783FE8}.Release|Any CPU.Build.0 = Release|Any CPU
		{6D57A649-498B-46D8-BDC7-991DF6FDF8C7}.Debug|Any CPU.ActiveCfg = Debug|Any CPU
		{6D57A649-498B-46D8-BDC7-991DF6FDF8C7}.Debug|Any CPU.Build.0 = Debug|Any CPU
		{6D57A649-498B-46D8-BDC7-991DF6FDF8C7}.Release|Any CPU.ActiveCfg = Release|Any CPU
		{6D57A649-498B-46D8-BDC7-991DF6FDF8C7}.Release|Any CPU.Build.0 = Release|Any CPU
		{C1D74D9B-7BCE-41DA-9B3B-722851E9DA83}.Debug|Any CPU.ActiveCfg = Debug|Any CPU
		{C1D74D9B-7BCE-41DA-9B3B-722851E9DA83}.Debug|Any CPU.Build.0 = Debug|Any CPU
		{C1D74D9B-7BCE-41DA-9B3B-722851E9DA83}.Release|Any CPU.ActiveCfg = Release|Any CPU
		{C1D74D9B-7BCE-41DA-9B3B-722851E9DA83}.Release|Any CPU.Build.0 = Release|Any CPU
		{4F1BD5BA-8394-4BF2-891A-8504232FAACF}.Debug|Any CPU.ActiveCfg = Debug|Any CPU
		{4F1BD5BA-8394-4BF2-891A-8504232FAACF}.Debug|Any CPU.Build.0 = Debug|Any CPU
		{4F1BD5BA-8394-4BF2-891A-8504232FAACF}.Release|Any CPU.ActiveCfg = Release|Any CPU
		{4F1BD5BA-8394-4BF2-891A-8504232FAACF}.Release|Any CPU.Build.0 = Release|Any CPU
		{D56A7116-E6A0-46DA-B657-54BD0749821D}.Debug|Any CPU.ActiveCfg = Debug|Any CPU
		{D56A7116-E6A0-46DA-B657-54BD0749821D}.Debug|Any CPU.Build.0 = Debug|Any CPU
		{D56A7116-E6A0-46DA-B657-54BD0749821D}.Release|Any CPU.ActiveCfg = Release|Any CPU
		{D56A7116-E6A0-46DA-B657-54BD0749821D}.Release|Any CPU.Build.0 = Release|Any CPU
		{A0020264-E844-46D5-86CC-A34432F4BFC3}.Debug|Any CPU.ActiveCfg = Debug|Any CPU
		{A0020264-E844-46D5-86CC-A34432F4BFC3}.Debug|Any CPU.Build.0 = Debug|Any CPU
		{A0020264-E844-46D5-86CC-A34432F4BFC3}.Release|Any CPU.ActiveCfg = Release|Any CPU
		{A0020264-E844-46D5-86CC-A34432F4BFC3}.Release|Any CPU.Build.0 = Release|Any CPU
		{2E8C26E7-218B-4F72-A2CB-742FF2DC5C48}.Debug|Any CPU.ActiveCfg = Debug|Any CPU
		{2E8C26E7-218B-4F72-A2CB-742FF2DC5C48}.Debug|Any CPU.Build.0 = Debug|Any CPU
		{2E8C26E7-218B-4F72-A2CB-742FF2DC5C48}.Release|Any CPU.ActiveCfg = Release|Any CPU
		{2E8C26E7-218B-4F72-A2CB-742FF2DC5C48}.Release|Any CPU.Build.0 = Release|Any CPU
		{6EEAC925-AE0A-42FA-B09E-76AB1D4A8CED}.Debug|Any CPU.ActiveCfg = Debug|Any CPU
		{6EEAC925-AE0A-42FA-B09E-76AB1D4A8CED}.Debug|Any CPU.Build.0 = Debug|Any CPU
		{6EEAC925-AE0A-42FA-B09E-76AB1D4A8CED}.Release|Any CPU.ActiveCfg = Release|Any CPU
		{6EEAC925-AE0A-42FA-B09E-76AB1D4A8CED}.Release|Any CPU.Build.0 = Release|Any CPU
		{433CCE76-1079-4D2C-B555-FA150D177A2D}.Debug|Any CPU.ActiveCfg = Debug|Any CPU
		{433CCE76-1079-4D2C-B555-FA150D177A2D}.Debug|Any CPU.Build.0 = Debug|Any CPU
		{433CCE76-1079-4D2C-B555-FA150D177A2D}.Release|Any CPU.ActiveCfg = Release|Any CPU
		{433CCE76-1079-4D2C-B555-FA150D177A2D}.Release|Any CPU.Build.0 = Release|Any CPU
		{C853547C-0C96-4437-A16F-94241B135A63}.Debug|Any CPU.ActiveCfg = Debug|Any CPU
		{C853547C-0C96-4437-A16F-94241B135A63}.Debug|Any CPU.Build.0 = Debug|Any CPU
		{C853547C-0C96-4437-A16F-94241B135A63}.Release|Any CPU.ActiveCfg = Release|Any CPU
		{C853547C-0C96-4437-A16F-94241B135A63}.Release|Any CPU.Build.0 = Release|Any CPU
		{8478D816-95A8-4F1B-8A7E-9830AF2CCCC0}.Debug|Any CPU.ActiveCfg = Debug|Any CPU
		{8478D816-95A8-4F1B-8A7E-9830AF2CCCC0}.Debug|Any CPU.Build.0 = Debug|Any CPU
		{8478D816-95A8-4F1B-8A7E-9830AF2CCCC0}.Release|Any CPU.ActiveCfg = Release|Any CPU
		{8478D816-95A8-4F1B-8A7E-9830AF2CCCC0}.Release|Any CPU.Build.0 = Release|Any CPU
		{D1BA0449-E11F-4F80-A9C4-3D7326FB34B9}.Debug|Any CPU.ActiveCfg = Debug|Any CPU
		{D1BA0449-E11F-4F80-A9C4-3D7326FB34B9}.Debug|Any CPU.Build.0 = Debug|Any CPU
		{D1BA0449-E11F-4F80-A9C4-3D7326FB34B9}.Release|Any CPU.ActiveCfg = Release|Any CPU
		{D1BA0449-E11F-4F80-A9C4-3D7326FB34B9}.Release|Any CPU.Build.0 = Release|Any CPU
		{ED60E74C-3A2F-45DB-BE3D-54F5C83BA5D8}.Debug|Any CPU.ActiveCfg = Debug|Any CPU
		{ED60E74C-3A2F-45DB-BE3D-54F5C83BA5D8}.Debug|Any CPU.Build.0 = Debug|Any CPU
		{ED60E74C-3A2F-45DB-BE3D-54F5C83BA5D8}.Release|Any CPU.ActiveCfg = Release|Any CPU
		{ED60E74C-3A2F-45DB-BE3D-54F5C83BA5D8}.Release|Any CPU.Build.0 = Release|Any CPU
		{4C21B3B3-1E28-4013-BC02-D957A20767F1}.Debug|Any CPU.ActiveCfg = Debug|Any CPU
		{4C21B3B3-1E28-4013-BC02-D957A20767F1}.Debug|Any CPU.Build.0 = Debug|Any CPU
		{4C21B3B3-1E28-4013-BC02-D957A20767F1}.Release|Any CPU.ActiveCfg = Release|Any CPU
		{4C21B3B3-1E28-4013-BC02-D957A20767F1}.Release|Any CPU.Build.0 = Release|Any CPU
		{92184F5D-E08A-4A47-B38A-5F1EA6B8F7D6}.Debug|Any CPU.ActiveCfg = Debug|Any CPU
		{92184F5D-E08A-4A47-B38A-5F1EA6B8F7D6}.Debug|Any CPU.Build.0 = Debug|Any CPU
		{92184F5D-E08A-4A47-B38A-5F1EA6B8F7D6}.Release|Any CPU.ActiveCfg = Release|Any CPU
		{92184F5D-E08A-4A47-B38A-5F1EA6B8F7D6}.Release|Any CPU.Build.0 = Release|Any CPU
		{95A683AD-ACD6-489C-AEBD-5E59DE18E095}.Debug|Any CPU.ActiveCfg = Debug|Any CPU
		{95A683AD-ACD6-489C-AEBD-5E59DE18E095}.Debug|Any CPU.Build.0 = Debug|Any CPU
		{95A683AD-ACD6-489C-AEBD-5E59DE18E095}.Release|Any CPU.ActiveCfg = Release|Any CPU
		{95A683AD-ACD6-489C-AEBD-5E59DE18E095}.Release|Any CPU.Build.0 = Release|Any CPU
		{3B029B19-392C-48FA-867A-23A575087270}.Debug|Any CPU.ActiveCfg = Debug|Any CPU
		{3B029B19-392C-48FA-867A-23A575087270}.Debug|Any CPU.Build.0 = Debug|Any CPU
		{3B029B19-392C-48FA-867A-23A575087270}.Release|Any CPU.ActiveCfg = Release|Any CPU
		{3B029B19-392C-48FA-867A-23A575087270}.Release|Any CPU.Build.0 = Release|Any CPU
		{1E4E9E72-5458-4818-B21F-27FEFCA89003}.Debug|Any CPU.ActiveCfg = Debug|Any CPU
		{1E4E9E72-5458-4818-B21F-27FEFCA89003}.Debug|Any CPU.Build.0 = Debug|Any CPU
		{1E4E9E72-5458-4818-B21F-27FEFCA89003}.Release|Any CPU.ActiveCfg = Release|Any CPU
		{1E4E9E72-5458-4818-B21F-27FEFCA89003}.Release|Any CPU.Build.0 = Release|Any CPU
		{4D10C69D-FE03-42ED-AD90-060285C3365D}.Debug|Any CPU.ActiveCfg = Debug|Any CPU
		{4D10C69D-FE03-42ED-AD90-060285C3365D}.Debug|Any CPU.Build.0 = Debug|Any CPU
		{4D10C69D-FE03-42ED-AD90-060285C3365D}.Release|Any CPU.ActiveCfg = Release|Any CPU
		{4D10C69D-FE03-42ED-AD90-060285C3365D}.Release|Any CPU.Build.0 = Release|Any CPU
		{545EC3AF-C6FC-4E70-BE8F-81DD677C4504}.Debug|Any CPU.ActiveCfg = Debug|Any CPU
		{545EC3AF-C6FC-4E70-BE8F-81DD677C4504}.Debug|Any CPU.Build.0 = Debug|Any CPU
		{545EC3AF-C6FC-4E70-BE8F-81DD677C4504}.Release|Any CPU.ActiveCfg = Release|Any CPU
		{545EC3AF-C6FC-4E70-BE8F-81DD677C4504}.Release|Any CPU.Build.0 = Release|Any CPU
		{82D0405E-ED47-486C-A9D2-E6DF72ED5E82}.Debug|Any CPU.ActiveCfg = Debug|Any CPU
		{82D0405E-ED47-486C-A9D2-E6DF72ED5E82}.Debug|Any CPU.Build.0 = Debug|Any CPU
		{82D0405E-ED47-486C-A9D2-E6DF72ED5E82}.Release|Any CPU.ActiveCfg = Release|Any CPU
		{82D0405E-ED47-486C-A9D2-E6DF72ED5E82}.Release|Any CPU.Build.0 = Release|Any CPU
		{8A85E28D-240E-48FF-8FC4-998CC267D8A4}.Debug|Any CPU.ActiveCfg = Debug|Any CPU
		{8A85E28D-240E-48FF-8FC4-998CC267D8A4}.Debug|Any CPU.Build.0 = Debug|Any CPU
		{8A85E28D-240E-48FF-8FC4-998CC267D8A4}.Release|Any CPU.ActiveCfg = Release|Any CPU
		{8A85E28D-240E-48FF-8FC4-998CC267D8A4}.Release|Any CPU.Build.0 = Release|Any CPU
		{AC3495B2-A2E2-4A67-A26F-12CCE11A8825}.Debug|Any CPU.ActiveCfg = Debug|Any CPU
		{AC3495B2-A2E2-4A67-A26F-12CCE11A8825}.Debug|Any CPU.Build.0 = Debug|Any CPU
		{AC3495B2-A2E2-4A67-A26F-12CCE11A8825}.Release|Any CPU.ActiveCfg = Release|Any CPU
		{AC3495B2-A2E2-4A67-A26F-12CCE11A8825}.Release|Any CPU.Build.0 = Release|Any CPU
		{1622D4EA-57F4-4218-905F-CBA640F9C9EE}.Debug|Any CPU.ActiveCfg = Debug|Any CPU
		{1622D4EA-57F4-4218-905F-CBA640F9C9EE}.Debug|Any CPU.Build.0 = Debug|Any CPU
		{1622D4EA-57F4-4218-905F-CBA640F9C9EE}.Release|Any CPU.ActiveCfg = Release|Any CPU
		{1622D4EA-57F4-4218-905F-CBA640F9C9EE}.Release|Any CPU.Build.0 = Release|Any CPU
		{B922768D-29AE-480E-A968-BBB12717529C}.Debug|Any CPU.ActiveCfg = Debug|Any CPU
		{B922768D-29AE-480E-A968-BBB12717529C}.Debug|Any CPU.Build.0 = Debug|Any CPU
		{B922768D-29AE-480E-A968-BBB12717529C}.Release|Any CPU.ActiveCfg = Release|Any CPU
		{B922768D-29AE-480E-A968-BBB12717529C}.Release|Any CPU.Build.0 = Release|Any CPU
		{162CF467-96AE-41C9-A405-406275BE094F}.Debug|Any CPU.ActiveCfg = Debug|Any CPU
		{162CF467-96AE-41C9-A405-406275BE094F}.Debug|Any CPU.Build.0 = Debug|Any CPU
		{162CF467-96AE-41C9-A405-406275BE094F}.Release|Any CPU.ActiveCfg = Release|Any CPU
		{162CF467-96AE-41C9-A405-406275BE094F}.Release|Any CPU.Build.0 = Release|Any CPU
		{0735DF3B-D355-4497-ABAC-84F7934982CF}.Debug|Any CPU.ActiveCfg = Debug|Any CPU
		{0735DF3B-D355-4497-ABAC-84F7934982CF}.Debug|Any CPU.Build.0 = Debug|Any CPU
		{0735DF3B-D355-4497-ABAC-84F7934982CF}.Release|Any CPU.ActiveCfg = Release|Any CPU
		{0735DF3B-D355-4497-ABAC-84F7934982CF}.Release|Any CPU.Build.0 = Release|Any CPU
		{C0076083-DC99-4765-A3CB-69D4580A89F9}.Debug|Any CPU.ActiveCfg = Debug|Any CPU
		{C0076083-DC99-4765-A3CB-69D4580A89F9}.Debug|Any CPU.Build.0 = Debug|Any CPU
		{C0076083-DC99-4765-A3CB-69D4580A89F9}.Release|Any CPU.ActiveCfg = Release|Any CPU
		{C0076083-DC99-4765-A3CB-69D4580A89F9}.Release|Any CPU.Build.0 = Release|Any CPU
		{A89AF299-F046-4CB7-8595-626A121B7648}.Debug|Any CPU.ActiveCfg = Debug|Any CPU
		{A89AF299-F046-4CB7-8595-626A121B7648}.Debug|Any CPU.Build.0 = Debug|Any CPU
		{A89AF299-F046-4CB7-8595-626A121B7648}.Release|Any CPU.ActiveCfg = Release|Any CPU
		{A89AF299-F046-4CB7-8595-626A121B7648}.Release|Any CPU.Build.0 = Release|Any CPU
		{92952336-A7A5-4DEE-9B17-95F4C08E3E78}.Debug|Any CPU.ActiveCfg = Debug|Any CPU
		{92952336-A7A5-4DEE-9B17-95F4C08E3E78}.Debug|Any CPU.Build.0 = Debug|Any CPU
		{92952336-A7A5-4DEE-9B17-95F4C08E3E78}.Release|Any CPU.ActiveCfg = Release|Any CPU
		{92952336-A7A5-4DEE-9B17-95F4C08E3E78}.Release|Any CPU.Build.0 = Release|Any CPU
		{9EEDFDB3-8542-4E65-BDC2-5AB3A61D1212}.Debug|Any CPU.ActiveCfg = Debug|Any CPU
		{9EEDFDB3-8542-4E65-BDC2-5AB3A61D1212}.Debug|Any CPU.Build.0 = Debug|Any CPU
		{9EEDFDB3-8542-4E65-BDC2-5AB3A61D1212}.Release|Any CPU.ActiveCfg = Release|Any CPU
		{9EEDFDB3-8542-4E65-BDC2-5AB3A61D1212}.Release|Any CPU.Build.0 = Release|Any CPU
		{A28DC2D7-8857-4781-8011-16BF59156775}.Debug|Any CPU.ActiveCfg = Debug|Any CPU
		{A28DC2D7-8857-4781-8011-16BF59156775}.Debug|Any CPU.Build.0 = Debug|Any CPU
		{A28DC2D7-8857-4781-8011-16BF59156775}.Release|Any CPU.ActiveCfg = Release|Any CPU
		{A28DC2D7-8857-4781-8011-16BF59156775}.Release|Any CPU.Build.0 = Release|Any CPU
		{24925BF4-5CC9-4D5E-8772-F6184F5FB1B2}.Debug|Any CPU.ActiveCfg = Debug|Any CPU
		{24925BF4-5CC9-4D5E-8772-F6184F5FB1B2}.Debug|Any CPU.Build.0 = Debug|Any CPU
		{24925BF4-5CC9-4D5E-8772-F6184F5FB1B2}.Release|Any CPU.ActiveCfg = Release|Any CPU
		{24925BF4-5CC9-4D5E-8772-F6184F5FB1B2}.Release|Any CPU.Build.0 = Release|Any CPU
		{7F3EDD33-912B-41AB-82A3-5ADD6B4B63B2}.Debug|Any CPU.ActiveCfg = Debug|Any CPU
		{7F3EDD33-912B-41AB-82A3-5ADD6B4B63B2}.Debug|Any CPU.Build.0 = Debug|Any CPU
		{7F3EDD33-912B-41AB-82A3-5ADD6B4B63B2}.Release|Any CPU.ActiveCfg = Release|Any CPU
		{7F3EDD33-912B-41AB-82A3-5ADD6B4B63B2}.Release|Any CPU.Build.0 = Release|Any CPU
		{68C37372-84D8-4A96-A7F7-3A8976ABAA6C}.Debug|Any CPU.ActiveCfg = Debug|Any CPU
		{68C37372-84D8-4A96-A7F7-3A8976ABAA6C}.Debug|Any CPU.Build.0 = Debug|Any CPU
		{68C37372-84D8-4A96-A7F7-3A8976ABAA6C}.Release|Any CPU.ActiveCfg = Release|Any CPU
		{68C37372-84D8-4A96-A7F7-3A8976ABAA6C}.Release|Any CPU.Build.0 = Release|Any CPU
		{DB19C3D2-1BFE-4D24-836E-064861255D25}.Debug|Any CPU.ActiveCfg = Debug|Any CPU
		{DB19C3D2-1BFE-4D24-836E-064861255D25}.Debug|Any CPU.Build.0 = Debug|Any CPU
		{DB19C3D2-1BFE-4D24-836E-064861255D25}.Release|Any CPU.ActiveCfg = Release|Any CPU
		{DB19C3D2-1BFE-4D24-836E-064861255D25}.Release|Any CPU.Build.0 = Release|Any CPU
		{CF93852B-9574-449F-A4E4-3B86F34D321F}.Debug|Any CPU.ActiveCfg = Debug|Any CPU
		{CF93852B-9574-449F-A4E4-3B86F34D321F}.Debug|Any CPU.Build.0 = Debug|Any CPU
		{CF93852B-9574-449F-A4E4-3B86F34D321F}.Release|Any CPU.ActiveCfg = Release|Any CPU
		{CF93852B-9574-449F-A4E4-3B86F34D321F}.Release|Any CPU.Build.0 = Release|Any CPU
		{DFE79673-0C80-469D-B2FB-6516D0AED506}.Debug|Any CPU.ActiveCfg = Debug|Any CPU
		{DFE79673-0C80-469D-B2FB-6516D0AED506}.Debug|Any CPU.Build.0 = Debug|Any CPU
		{DFE79673-0C80-469D-B2FB-6516D0AED506}.Release|Any CPU.ActiveCfg = Release|Any CPU
		{DFE79673-0C80-469D-B2FB-6516D0AED506}.Release|Any CPU.Build.0 = Release|Any CPU
		{AF2B3628-C14F-44F0-872F-BE1907DC08FB}.Debug|Any CPU.ActiveCfg = Debug|Any CPU
		{AF2B3628-C14F-44F0-872F-BE1907DC08FB}.Debug|Any CPU.Build.0 = Debug|Any CPU
		{AF2B3628-C14F-44F0-872F-BE1907DC08FB}.Release|Any CPU.ActiveCfg = Release|Any CPU
		{AF2B3628-C14F-44F0-872F-BE1907DC08FB}.Release|Any CPU.Build.0 = Release|Any CPU
		{24C5BB49-25C4-483D-8BAA-2ACE6291D3C5}.Debug|Any CPU.ActiveCfg = Debug|Any CPU
		{24C5BB49-25C4-483D-8BAA-2ACE6291D3C5}.Debug|Any CPU.Build.0 = Debug|Any CPU
		{24C5BB49-25C4-483D-8BAA-2ACE6291D3C5}.Release|Any CPU.ActiveCfg = Release|Any CPU
		{24C5BB49-25C4-483D-8BAA-2ACE6291D3C5}.Release|Any CPU.Build.0 = Release|Any CPU
		{61FB2F6E-2167-4D45-8611-B06FCE5715FA}.Debug|Any CPU.ActiveCfg = Debug|Any CPU
		{61FB2F6E-2167-4D45-8611-B06FCE5715FA}.Debug|Any CPU.Build.0 = Debug|Any CPU
		{61FB2F6E-2167-4D45-8611-B06FCE5715FA}.Release|Any CPU.ActiveCfg = Release|Any CPU
		{61FB2F6E-2167-4D45-8611-B06FCE5715FA}.Release|Any CPU.Build.0 = Release|Any CPU
		{0E48CE61-ACE5-4B7D-BC5C-F8EBCA11E1D6}.Debug|Any CPU.ActiveCfg = Debug|Any CPU
		{0E48CE61-ACE5-4B7D-BC5C-F8EBCA11E1D6}.Debug|Any CPU.Build.0 = Debug|Any CPU
		{0E48CE61-ACE5-4B7D-BC5C-F8EBCA11E1D6}.Release|Any CPU.ActiveCfg = Release|Any CPU
		{0E48CE61-ACE5-4B7D-BC5C-F8EBCA11E1D6}.Release|Any CPU.Build.0 = Release|Any CPU
		{73039F5B-E559-45A4-A208-33ED6D56B77C}.Debug|Any CPU.ActiveCfg = Debug|Any CPU
		{73039F5B-E559-45A4-A208-33ED6D56B77C}.Debug|Any CPU.Build.0 = Debug|Any CPU
		{73039F5B-E559-45A4-A208-33ED6D56B77C}.Release|Any CPU.ActiveCfg = Release|Any CPU
		{73039F5B-E559-45A4-A208-33ED6D56B77C}.Release|Any CPU.Build.0 = Release|Any CPU
		{DAFF7332-4A06-424C-AD22-702137B39832}.Debug|Any CPU.ActiveCfg = Debug|Any CPU
		{DAFF7332-4A06-424C-AD22-702137B39832}.Debug|Any CPU.Build.0 = Debug|Any CPU
		{DAFF7332-4A06-424C-AD22-702137B39832}.Release|Any CPU.ActiveCfg = Release|Any CPU
		{DAFF7332-4A06-424C-AD22-702137B39832}.Release|Any CPU.Build.0 = Release|Any CPU
	EndGlobalSection
	GlobalSection(SolutionProperties) = preSolution
		HideSolutionNode = FALSE
	EndGlobalSection
	GlobalSection(ExtensibilityGlobals) = postSolution
		SolutionGuid = {20C7AC2F-B6EF-46D9-8DEC-CB1F17F5CBF0}
	EndGlobalSection
EndGlobal
